
Microsoft Visual Studio Solution File, Format Version 12.00
# Visual Studio Version 17
VisualStudioVersion = 17.8.34511.84
MinimumVisualStudioVersion = 10.0.40219.1
Project("{FAE04EC0-301F-11D3-BF4B-00C04F79EFBC}") = "GameOfLife.WPF", "GameOfLife.WPF\GameOfLife.WPF.csproj", "{2C8925DD-BB18-4782-BECD-07AD08BDAA60}"
EndProject
Project("{FAE04EC0-301F-11D3-BF4B-00C04F79EFBC}") = "GameOfLide.Core", "GameOfLide.Core\GameOfLide.Core.csproj", "{6685268B-E32D-4F68-AFA1-44110EBE85E2}"
EndProject
Global
	GlobalSection(SolutionConfigurationPlatforms) = preSolution
		Debug|Any CPU = Debug|Any CPU
		Release|Any CPU = Release|Any CPU
	EndGlobalSection
	GlobalSection(ProjectConfigurationPlatforms) = postSolution
		{2C8925DD-BB18-4782-BECD-07AD08BDAA60}.Debug|Any CPU.ActiveCfg = Debug|Any CPU
		{2C8925DD-BB18-4782-BECD-07AD08BDAA60}.Debug|Any CPU.Build.0 = Debug|Any CPU
		{2C8925DD-BB18-4782-BECD-07AD08BDAA60}.Release|Any CPU.ActiveCfg = Release|Any CPU
		{2C8925DD-BB18-4782-BECD-07AD08BDAA60}.Release|Any CPU.Build.0 = Release|Any CPU
		{6685268B-E32D-4F68-AFA1-44110EBE85E2}.Debug|Any CPU.ActiveCfg = Debug|Any CPU
		{6685268B-E32D-4F68-AFA1-44110EBE85E2}.Debug|Any CPU.Build.0 = Debug|Any CPU
		{6685268B-E32D-4F68-AFA1-44110EBE85E2}.Release|Any CPU.ActiveCfg = Release|Any CPU
		{6685268B-E32D-4F68-AFA1-44110EBE85E2}.Release|Any CPU.Build.0 = Release|Any CPU
	EndGlobalSection
	GlobalSection(SolutionProperties) = preSolution
		HideSolutionNode = FALSE
	EndGlobalSection
	GlobalSection(ExtensibilityGlobals) = postSolution
		SolutionGuid = {F9787AAA-DE6A-4E4C-B7C2-3EA15D9BBC76}
	EndGlobalSection
EndGlobal
